
Microsoft Visual Studio Solution File, Format Version 12.00
# Visual Studio Version 17
VisualStudioVersion = 17.0.31903.59
MinimumVisualStudioVersion = 10.0.40219.1
Project("{2150E333-8FDC-42A3-9474-1A3956D46DE8}") = "src", "src", "{827E0CD3-B72D-47B6-A68D-7590B98EB39B}"
EndProject
Project("{FAE04EC0-301F-11D3-BF4B-00C04F79EFBC}") = "Auth.Api", "src\Auth.Api\Auth.Api.csproj", "{9106920B-A7DF-4702-84DD-C0FDD123A685}"
EndProject
Project("{FAE04EC0-301F-11D3-BF4B-00C04F79EFBC}") = "Auth.Domain", "src\Auth.Domain\Auth.Domain.csproj", "{C6AFB09C-038A-40D4-A6E3-AF5F1295F590}"
EndProject
Project("{FAE04EC0-301F-11D3-BF4B-00C04F79EFBC}") = "Auth.Application", "src\Auth.Application\Auth.Application.csproj", "{0131C2E0-608A-4283-88A5-014F0221F4C3}"
EndProject
Project("{FAE04EC0-301F-11D3-BF4B-00C04F79EFBC}") = "Auth.Infrastructure", "src\Auth.Infrastructure\Auth.Infrastructure.csproj", "{E16DBC7A-93CD-4322-9BD4-719D862DB56C}"
EndProject
Project("{2150E333-8FDC-42A3-9474-1A3956D46DE8}") = "tests", "tests", "{0AB3BF05-4346-4AA6-1389-037BE0695223}"
EndProject
Project("{FAE04EC0-301F-11D3-BF4B-00C04F79EFBC}") = "Auth.Api.Tests", "tests\Auth.Api.Tests\Auth.Api.Tests.csproj", "{EAD9C4E5-1BF6-4C28-B720-ABC24FFDC5B6}"
EndProject
Project("{FAE04EC0-301F-11D3-BF4B-00C04F79EFBC}") = "Auth.Application.Tests", "tests\Auth.Application.Tests\Auth.Application.Tests.csproj", "{9ED908B4-7DF8-4187-A346-B49CACF936B2}"
EndProject
Global
	GlobalSection(SolutionConfigurationPlatforms) = preSolution
		Debug|Any CPU = Debug|Any CPU
		Debug|x64 = Debug|x64
		Debug|x86 = Debug|x86
		Release|Any CPU = Release|Any CPU
		Release|x64 = Release|x64
		Release|x86 = Release|x86
	EndGlobalSection
	GlobalSection(ProjectConfigurationPlatforms) = postSolution
		{9106920B-A7DF-4702-84DD-C0FDD123A685}.Debug|Any CPU.ActiveCfg = Debug|Any CPU
		{9106920B-A7DF-4702-84DD-C0FDD123A685}.Debug|Any CPU.Build.0 = Debug|Any CPU
		{9106920B-A7DF-4702-84DD-C0FDD123A685}.Debug|x64.ActiveCfg = Debug|Any CPU
		{9106920B-A7DF-4702-84DD-C0FDD123A685}.Debug|x64.Build.0 = Debug|Any CPU
		{9106920B-A7DF-4702-84DD-C0FDD123A685}.Debug|x86.ActiveCfg = Debug|Any CPU
		{9106920B-A7DF-4702-84DD-C0FDD123A685}.Debug|x86.Build.0 = Debug|Any CPU
		{9106920B-A7DF-4702-84DD-C0FDD123A685}.Release|Any CPU.ActiveCfg = Release|Any CPU
		{9106920B-A7DF-4702-84DD-C0FDD123A685}.Release|Any CPU.Build.0 = Release|Any CPU
		{9106920B-A7DF-4702-84DD-C0FDD123A685}.Release|x64.ActiveCfg = Release|Any CPU
		{9106920B-A7DF-4702-84DD-C0FDD123A685}.Release|x64.Build.0 = Release|Any CPU
		{9106920B-A7DF-4702-84DD-C0FDD123A685}.Release|x86.ActiveCfg = Release|Any CPU
		{9106920B-A7DF-4702-84DD-C0FDD123A685}.Release|x86.Build.0 = Release|Any CPU
		{C6AFB09C-038A-40D4-A6E3-AF5F1295F590}.Debug|Any CPU.ActiveCfg = Debug|Any CPU
		{C6AFB09C-038A-40D4-A6E3-AF5F1295F590}.Debug|Any CPU.Build.0 = Debug|Any CPU
		{C6AFB09C-038A-40D4-A6E3-AF5F1295F590}.Debug|x64.ActiveCfg = Debug|Any CPU
		{C6AFB09C-038A-40D4-A6E3-AF5F1295F590}.Debug|x64.Build.0 = Debug|Any CPU
		{C6AFB09C-038A-40D4-A6E3-AF5F1295F590}.Debug|x86.ActiveCfg = Debug|Any CPU
		{C6AFB09C-038A-40D4-A6E3-AF5F1295F590}.Debug|x86.Build.0 = Debug|Any CPU
		{C6AFB09C-038A-40D4-A6E3-AF5F1295F590}.Release|Any CPU.ActiveCfg = Release|Any CPU
		{C6AFB09C-038A-40D4-A6E3-AF5F1295F590}.Release|Any CPU.Build.0 = Release|Any CPU
		{C6AFB09C-038A-40D4-A6E3-AF5F1295F590}.Release|x64.ActiveCfg = Release|Any CPU
		{C6AFB09C-038A-40D4-A6E3-AF5F1295F590}.Release|x64.Build.0 = Release|Any CPU
		{C6AFB09C-038A-40D4-A6E3-AF5F1295F590}.Release|x86.ActiveCfg = Release|Any CPU
		{C6AFB09C-038A-40D4-A6E3-AF5F1295F590}.Release|x86.Build.0 = Release|Any CPU
		{0131C2E0-608A-4283-88A5-014F0221F4C3}.Debug|Any CPU.ActiveCfg = Debug|Any CPU
		{0131C2E0-608A-4283-88A5-014F0221F4C3}.Debug|Any CPU.Build.0 = Debug|Any CPU
		{0131C2E0-608A-4283-88A5-014F0221F4C3}.Debug|x64.ActiveCfg = Debug|Any CPU
		{0131C2E0-608A-4283-88A5-014F0221F4C3}.Debug|x64.Build.0 = Debug|Any CPU
		{0131C2E0-608A-4283-88A5-014F0221F4C3}.Debug|x86.ActiveCfg = Debug|Any CPU
		{0131C2E0-608A-4283-88A5-014F0221F4C3}.Debug|x86.Build.0 = Debug|Any CPU
		{0131C2E0-608A-4283-88A5-014F0221F4C3}.Release|Any CPU.ActiveCfg = Release|Any CPU
		{0131C2E0-608A-4283-88A5-014F0221F4C3}.Release|Any CPU.Build.0 = Release|Any CPU
		{0131C2E0-608A-4283-88A5-014F0221F4C3}.Release|x64.ActiveCfg = Release|Any CPU
		{0131C2E0-608A-4283-88A5-014F0221F4C3}.Release|x64.Build.0 = Release|Any CPU
		{0131C2E0-608A-4283-88A5-014F0221F4C3}.Release|x86.ActiveCfg = Release|Any CPU
		{0131C2E0-608A-4283-88A5-014F0221F4C3}.Release|x86.Build.0 = Release|Any CPU
		{E16DBC7A-93CD-4322-9BD4-719D862DB56C}.Debug|Any CPU.ActiveCfg = Debug|Any CPU
		{E16DBC7A-93CD-4322-9BD4-719D862DB56C}.Debug|Any CPU.Build.0 = Debug|Any CPU
		{E16DBC7A-93CD-4322-9BD4-719D862DB56C}.Debug|x64.ActiveCfg = Debug|Any CPU
		{E16DBC7A-93CD-4322-9BD4-719D862DB56C}.Debug|x64.Build.0 = Debug|Any CPU
		{E16DBC7A-93CD-4322-9BD4-719D862DB56C}.Debug|x86.ActiveCfg = Debug|Any CPU
		{E16DBC7A-93CD-4322-9BD4-719D862DB56C}.Debug|x86.Build.0 = Debug|Any CPU
		{E16DBC7A-93CD-4322-9BD4-719D862DB56C}.Release|Any CPU.ActiveCfg = Release|Any CPU
		{E16DBC7A-93CD-4322-9BD4-719D862DB56C}.Release|Any CPU.Build.0 = Release|Any CPU
		{E16DBC7A-93CD-4322-9BD4-719D862DB56C}.Release|x64.ActiveCfg = Release|Any CPU
		{E16DBC7A-93CD-4322-9BD4-719D862DB56C}.Release|x64.Build.0 = Release|Any CPU
		{E16DBC7A-93CD-4322-9BD4-719D862DB56C}.Release|x86.ActiveCfg = Release|Any CPU
		{E16DBC7A-93CD-4322-9BD4-719D862DB56C}.Release|x86.Build.0 = Release|Any CPU
		{EAD9C4E5-1BF6-4C28-B720-ABC24FFDC5B6}.Debug|Any CPU.ActiveCfg = Debug|Any CPU
		{EAD9C4E5-1BF6-4C28-B720-ABC24FFDC5B6}.Debug|Any CPU.Build.0 = Debug|Any CPU
		{EAD9C4E5-1BF6-4C28-B720-ABC24FFDC5B6}.Debug|x64.ActiveCfg = Debug|Any CPU
		{EAD9C4E5-1BF6-4C28-B720-ABC24FFDC5B6}.Debug|x64.Build.0 = Debug|Any CPU
		{EAD9C4E5-1BF6-4C28-B720-ABC24FFDC5B6}.Debug|x86.ActiveCfg = Debug|Any CPU
		{EAD9C4E5-1BF6-4C28-B720-ABC24FFDC5B6}.Debug|x86.Build.0 = Debug|Any CPU
		{EAD9C4E5-1BF6-4C28-B720-ABC24FFDC5B6}.Release|Any CPU.ActiveCfg = Release|Any CPU
		{EAD9C4E5-1BF6-4C28-B720-ABC24FFDC5B6}.Release|Any CPU.Build.0 = Release|Any CPU
		{EAD9C4E5-1BF6-4C28-B720-ABC24FFDC5B6}.Release|x64.ActiveCfg = Release|Any CPU
		{EAD9C4E5-1BF6-4C28-B720-ABC24FFDC5B6}.Release|x64.Build.0 = Release|Any CPU
		{EAD9C4E5-1BF6-4C28-B720-ABC24FFDC5B6}.Release|x86.ActiveCfg = Release|Any CPU
		{EAD9C4E5-1BF6-4C28-B720-ABC24FFDC5B6}.Release|x86.Build.0 = Release|Any CPU
		{9ED908B4-7DF8-4187-A346-B49CACF936B2}.Debug|Any CPU.ActiveCfg = Debug|Any CPU
		{9ED908B4-7DF8-4187-A346-B49CACF936B2}.Debug|Any CPU.Build.0 = Debug|Any CPU
		{9ED908B4-7DF8-4187-A346-B49CACF936B2}.Debug|x64.ActiveCfg = Debug|Any CPU
		{9ED908B4-7DF8-4187-A346-B49CACF936B2}.Debug|x64.Build.0 = Debug|Any CPU
		{9ED908B4-7DF8-4187-A346-B49CACF936B2}.Debug|x86.ActiveCfg = Debug|Any CPU
		{9ED908B4-7DF8-4187-A346-B49CACF936B2}.Debug|x86.Build.0 = Debug|Any CPU
		{9ED908B4-7DF8-4187-A346-B49CACF936B2}.Release|Any CPU.ActiveCfg = Release|Any CPU
		{9ED908B4-7DF8-4187-A346-B49CACF936B2}.Release|Any CPU.Build.0 = Release|Any CPU
		{9ED908B4-7DF8-4187-A346-B49CACF936B2}.Release|x64.ActiveCfg = Release|Any CPU
		{9ED908B4-7DF8-4187-A346-B49CACF936B2}.Release|x64.Build.0 = Release|Any CPU
		{9ED908B4-7DF8-4187-A346-B49CACF936B2}.Release|x86.ActiveCfg = Release|Any CPU
		{9ED908B4-7DF8-4187-A346-B49CACF936B2}.Release|x86.Build.0 = Release|Any CPU
	EndGlobalSection
	GlobalSection(SolutionProperties) = preSolution
		HideSolutionNode = FALSE
	EndGlobalSection
	GlobalSection(NestedProjects) = preSolution
		{9106920B-A7DF-4702-84DD-C0FDD123A685} = {827E0CD3-B72D-47B6-A68D-7590B98EB39B}
		{C6AFB09C-038A-40D4-A6E3-AF5F1295F590} = {827E0CD3-B72D-47B6-A68D-7590B98EB39B}
		{0131C2E0-608A-4283-88A5-014F0221F4C3} = {827E0CD3-B72D-47B6-A68D-7590B98EB39B}
		{E16DBC7A-93CD-4322-9BD4-719D862DB56C} = {827E0CD3-B72D-47B6-A68D-7590B98EB39B}
		{EAD9C4E5-1BF6-4C28-B720-ABC24FFDC5B6} = {0AB3BF05-4346-4AA6-1389-037BE0695223}
		{9ED908B4-7DF8-4187-A346-B49CACF936B2} = {0AB3BF05-4346-4AA6-1389-037BE0695223}
	EndGlobalSection
EndGlobal
